
Microsoft Visual Studio Solution File, Format Version 12.00
# Visual Studio Version 17
VisualStudioVersion = 17.3.32929.385
MinimumVisualStudioVersion = 10.0.40219.1
Project("{FAE04EC0-301F-11D3-BF4B-00C04F79EFBC}") = "Q2. 四個骰子游戲", "WindowsFormsApp2\Q2. 四個骰子游戲.csproj", "{988A3E4C-A0C5-4ED4-9206-4F9659AE0BB2}"
EndProject
Project("{FAE04EC0-301F-11D3-BF4B-00C04F79EFBC}") = "Q1. 1A2B游戲", "Q1 1A2B游戲\Q1. 1A2B游戲.csproj", "{E380E596-53E7-438C-8AEB-519C5D79317E}"
EndProject
Global
	GlobalSection(SolutionConfigurationPlatforms) = preSolution
		Debug|Any CPU = Debug|Any CPU
		Release|Any CPU = Release|Any CPU
	EndGlobalSection
	GlobalSection(ProjectConfigurationPlatforms) = postSolution
		{988A3E4C-A0C5-4ED4-9206-4F9659AE0BB2}.Debug|Any CPU.ActiveCfg = Debug|Any CPU
		{988A3E4C-A0C5-4ED4-9206-4F9659AE0BB2}.Debug|Any CPU.Build.0 = Debug|Any CPU
		{988A3E4C-A0C5-4ED4-9206-4F9659AE0BB2}.Release|Any CPU.ActiveCfg = Release|Any CPU
		{988A3E4C-A0C5-4ED4-9206-4F9659AE0BB2}.Release|Any CPU.Build.0 = Release|Any CPU
		{E380E596-53E7-438C-8AEB-519C5D79317E}.Debug|Any CPU.ActiveCfg = Debug|Any CPU
		{E380E596-53E7-438C-8AEB-519C5D79317E}.Debug|Any CPU.Build.0 = Debug|Any CPU
		{E380E596-53E7-438C-8AEB-519C5D79317E}.Release|Any CPU.ActiveCfg = Release|Any CPU
		{E380E596-53E7-438C-8AEB-519C5D79317E}.Release|Any CPU.Build.0 = Release|Any CPU
	EndGlobalSection
	GlobalSection(SolutionProperties) = preSolution
		HideSolutionNode = FALSE
	EndGlobalSection
	GlobalSection(ExtensibilityGlobals) = postSolution
		SolutionGuid = {FBEBD78B-4F61-4F4D-BD79-7D7120B11A8B}
	EndGlobalSection
EndGlobal
